
Microsoft Visual Studio Solution File, Format Version 12.00
# Visual Studio Version 16
VisualStudioVersion = 16.0.31205.134
MinimumVisualStudioVersion = 10.0.40219.1
Project("{FAE04EC0-301F-11D3-BF4B-00C04F79EFBC}") = "Kelime_tahmin_oyunu", "Kelime_tahmin_oyunu\Kelime_tahmin_oyunu.csproj", "{3B8FC0A4-E74E-4E2E-9944-DA03D3A33B8D}"
EndProject
Global
	GlobalSection(SolutionConfigurationPlatforms) = preSolution
		Debug|Any CPU = Debug|Any CPU
		Release|Any CPU = Release|Any CPU
	EndGlobalSection
	GlobalSection(ProjectConfigurationPlatforms) = postSolution
		{3B8FC0A4-E74E-4E2E-9944-DA03D3A33B8D}.Debug|Any CPU.ActiveCfg = Debug|Any CPU
		{3B8FC0A4-E74E-4E2E-9944-DA03D3A33B8D}.Debug|Any CPU.Build.0 = Debug|Any CPU
		{3B8FC0A4-E74E-4E2E-9944-DA03D3A33B8D}.Release|Any CPU.ActiveCfg = Release|Any CPU
		{3B8FC0A4-E74E-4E2E-9944-DA03D3A33B8D}.Release|Any CPU.Build.0 = Release|Any CPU
	EndGlobalSection
	GlobalSection(SolutionProperties) = preSolution
		HideSolutionNode = FALSE
	EndGlobalSection
	GlobalSection(ExtensibilityGlobals) = postSolution
		SolutionGuid = {C0A0A6B7-A1AD-48DC-8BA0-1884CD1A7CCA}
	EndGlobalSection
EndGlobal
